
Microsoft Visual Studio Solution File, Format Version 12.00
# Visual Studio Version 17
VisualStudioVersion = 17.0.31903.59
MinimumVisualStudioVersion = 10.0.40219.1
Project("{2150E333-8FDC-42A3-9474-1A3956D46DE8}") = "src", "src", "{3ED7923B-39CC-4465-ABFE-A77AA82B8CD6}"
EndProject
Project("{FAE04EC0-301F-11D3-BF4B-00C04F79EFBC}") = "course.api", "src\course.api\course.api.csproj", "{F14C8006-1E86-411B-A1C2-23BA9297E067}"
EndProject
Global
	GlobalSection(SolutionConfigurationPlatforms) = preSolution
		Debug|Any CPU = Debug|Any CPU
		Release|Any CPU = Release|Any CPU
	EndGlobalSection
	GlobalSection(ProjectConfigurationPlatforms) = postSolution
		{F14C8006-1E86-411B-A1C2-23BA9297E067}.Debug|Any CPU.ActiveCfg = Debug|Any CPU
		{F14C8006-1E86-411B-A1C2-23BA9297E067}.Debug|Any CPU.Build.0 = Debug|Any CPU
		{F14C8006-1E86-411B-A1C2-23BA9297E067}.Release|Any CPU.ActiveCfg = Release|Any CPU
		{F14C8006-1E86-411B-A1C2-23BA9297E067}.Release|Any CPU.Build.0 = Release|Any CPU
	EndGlobalSection
	GlobalSection(SolutionProperties) = preSolution
		HideSolutionNode = FALSE
	EndGlobalSection
	GlobalSection(NestedProjects) = preSolution
		{F14C8006-1E86-411B-A1C2-23BA9297E067} = {3ED7923B-39CC-4465-ABFE-A77AA82B8CD6}
	EndGlobalSection
EndGlobal
